
Microsoft Visual Studio Solution File, Format Version 12.00
Project("{FAE04EC0-301F-11D3-BF4B-00C04F79EFBC}") = "Laboratorium3.Zadanie5.NET", "Laboratorium3.Zadanie5.NET\Laboratorium3.Zadanie5.NET.csproj", "{900563B6-3E4A-4EF8-B861-5FB53070B42A}"
EndProject
Global
	GlobalSection(SolutionConfigurationPlatforms) = preSolution
		Debug|Any CPU = Debug|Any CPU
		Release|Any CPU = Release|Any CPU
	EndGlobalSection
	GlobalSection(ProjectConfigurationPlatforms) = postSolution
		{900563B6-3E4A-4EF8-B861-5FB53070B42A}.Debug|Any CPU.ActiveCfg = Debug|Any CPU
		{900563B6-3E4A-4EF8-B861-5FB53070B42A}.Debug|Any CPU.Build.0 = Debug|Any CPU
		{900563B6-3E4A-4EF8-B861-5FB53070B42A}.Release|Any CPU.ActiveCfg = Release|Any CPU
		{900563B6-3E4A-4EF8-B861-5FB53070B42A}.Release|Any CPU.Build.0 = Release|Any CPU
	EndGlobalSection
EndGlobal
